
Microsoft Visual Studio Solution File, Format Version 12.00
# Visual Studio Version 16
VisualStudioVersion = 16.0.29424.173
MinimumVisualStudioVersion = 10.0.40219.1
Project("{FAE04EC0-301F-11D3-BF4B-00C04F79EFBC}") = "WFA_YemekSepeti", "WFA_YemekSepeti\WFA_YemekSepeti.csproj", "{38838C23-FF4D-4316-835B-3C38C3E93DED}"
EndProject
Global
	GlobalSection(SolutionConfigurationPlatforms) = preSolution
		Debug|Any CPU = Debug|Any CPU
		Release|Any CPU = Release|Any CPU
	EndGlobalSection
	GlobalSection(ProjectConfigurationPlatforms) = postSolution
		{38838C23-FF4D-4316-835B-3C38C3E93DED}.Debug|Any CPU.ActiveCfg = Debug|Any CPU
		{38838C23-FF4D-4316-835B-3C38C3E93DED}.Debug|Any CPU.Build.0 = Debug|Any CPU
		{38838C23-FF4D-4316-835B-3C38C3E93DED}.Release|Any CPU.ActiveCfg = Release|Any CPU
		{38838C23-FF4D-4316-835B-3C38C3E93DED}.Release|Any CPU.Build.0 = Release|Any CPU
	EndGlobalSection
	GlobalSection(SolutionProperties) = preSolution
		HideSolutionNode = FALSE
	EndGlobalSection
	GlobalSection(ExtensibilityGlobals) = postSolution
		SolutionGuid = {7621453F-275E-466B-B130-E2C279F45BCF}
	EndGlobalSection
EndGlobal
